
Microsoft Visual Studio Solution File, Format Version 12.00
# Visual Studio 2013
VisualStudioVersion = 12.0.40629.0
MinimumVisualStudioVersion = 10.0.40219.1
Project("{FAE04EC0-301F-11D3-BF4B-00C04F79EFBC}") = "SoftUniContests", "SoftUniContests\SoftUniContests.csproj", "{07AB645A-4D86-4438-BF89-F4FF9E6B7951}"
EndProject
Project("{FAE04EC0-301F-11D3-BF4B-00C04F79EFBC}") = "SoftUniContests.BusinessObjects", "SoftUniContests.BusinessObjects\SoftUniContests.BusinessObjects.csproj", "{0AF3AA94-0DCD-4F7B-885D-B00717F50AF8}"
EndProject
Project("{FAE04EC0-301F-11D3-BF4B-00C04F79EFBC}") = "SoftUniContests.DAL", "SoftUniContests.DAL\SoftUniContests.DAL.csproj", "{C6C2C9DB-71B8-43D2-A18C-7F2FEF7004BA}"
EndProject
Global
	GlobalSection(SolutionConfigurationPlatforms) = preSolution
		Debug|Any CPU = Debug|Any CPU
		Release|Any CPU = Release|Any CPU
	EndGlobalSection
	GlobalSection(ProjectConfigurationPlatforms) = postSolution
		{07AB645A-4D86-4438-BF89-F4FF9E6B7951}.Debug|Any CPU.ActiveCfg = Debug|Any CPU
		{07AB645A-4D86-4438-BF89-F4FF9E6B7951}.Debug|Any CPU.Build.0 = Debug|Any CPU
		{07AB645A-4D86-4438-BF89-F4FF9E6B7951}.Release|Any CPU.ActiveCfg = Release|Any CPU
		{07AB645A-4D86-4438-BF89-F4FF9E6B7951}.Release|Any CPU.Build.0 = Release|Any CPU
		{0AF3AA94-0DCD-4F7B-885D-B00717F50AF8}.Debug|Any CPU.ActiveCfg = Debug|Any CPU
		{0AF3AA94-0DCD-4F7B-885D-B00717F50AF8}.Debug|Any CPU.Build.0 = Debug|Any CPU
		{0AF3AA94-0DCD-4F7B-885D-B00717F50AF8}.Release|Any CPU.ActiveCfg = Release|Any CPU
		{0AF3AA94-0DCD-4F7B-885D-B00717F50AF8}.Release|Any CPU.Build.0 = Release|Any CPU
		{C6C2C9DB-71B8-43D2-A18C-7F2FEF7004BA}.Debug|Any CPU.ActiveCfg = Debug|Any CPU
		{C6C2C9DB-71B8-43D2-A18C-7F2FEF7004BA}.Debug|Any CPU.Build.0 = Debug|Any CPU
		{C6C2C9DB-71B8-43D2-A18C-7F2FEF7004BA}.Release|Any CPU.ActiveCfg = Release|Any CPU
		{C6C2C9DB-71B8-43D2-A18C-7F2FEF7004BA}.Release|Any CPU.Build.0 = Release|Any CPU
	EndGlobalSection
	GlobalSection(SolutionProperties) = preSolution
		HideSolutionNode = FALSE
	EndGlobalSection
EndGlobal
